
Microsoft Visual Studio Solution File, Format Version 12.00
Project("{2150E333-8FDC-42A3-9474-1A3956D46DE8}") = "src", "src", "{95835FB4-EB99-4493-86C7-FB88F6203792}"
EndProject
Project("{2150E333-8FDC-42A3-9474-1A3956D46DE8}") = "01-Domain", "01-Domain", "{FAEC6D1F-4A5A-44F7-B440-8E3C6DC128FF}"
EndProject
Project("{2150E333-8FDC-42A3-9474-1A3956D46DE8}") = "02-Application", "02-Application", "{DFCB4955-08F8-4B77-803D-11B9E88A6F18}"
EndProject
Project("{2150E333-8FDC-42A3-9474-1A3956D46DE8}") = "03-Infrastructure", "03-Infrastructure", "{5D97DDA5-FC24-4B5A-A6BF-20EE8BE1CDA3}"
EndProject
Project("{2150E333-8FDC-42A3-9474-1A3956D46DE8}") = "04-Presentation", "04-Presentation", "{455107E1-5322-4C17-8E09-CF7F23BCC3AF}"
EndProject
Project("{2150E333-8FDC-42A3-9474-1A3956D46DE8}") = "test", "test", "{786359DF-2BFB-4B58-BCC5-CB410EBAB0D7}"
EndProject
Project("{FAE04EC0-301F-11D3-BF4B-00C04F79EFBC}") = "ProductManagement.Domain", "ProductManagement.Domain\ProductManagement.Domain.csproj", "{ED41663E-69ED-4115-ACB2-F421AE807159}"
EndProject
Project("{FAE04EC0-301F-11D3-BF4B-00C04F79EFBC}") = "ProductManagement.Application", "ProductManagement.Application\ProductManagement.Application.csproj", "{1E58DC33-8136-422A-8380-26E4775D41CF}"
EndProject
Project("{FAE04EC0-301F-11D3-BF4B-00C04F79EFBC}") = "ProductManagement.Infrastructure", "ProductManagement.Infrastructure\ProductManagement.Infrastructure.csproj", "{2EF43C50-24ED-40F9-ABA9-FFA119A7CC92}"
EndProject
Project("{FAE04EC0-301F-11D3-BF4B-00C04F79EFBC}") = "WebAPI", "WebAPI\WebAPI.csproj", "{4ABC80DD-49D8-48A5-AC6F-3760894810D1}"
EndProject
Project("{FAE04EC0-301F-11D3-BF4B-00C04F79EFBC}") = "ProductManagement.Tests", "test\ProductManagement.Tests\ProductManagement.Tests.csproj", "{900D905E-8096-4273-96B7-0EF952EFB71D}"
EndProject
Global
	GlobalSection(SolutionConfigurationPlatforms) = preSolution
		Debug|Any CPU = Debug|Any CPU
		Debug|x64 = Debug|x64
		Debug|x86 = Debug|x86
		Release|Any CPU = Release|Any CPU
		Release|x64 = Release|x64
		Release|x86 = Release|x86
	EndGlobalSection
	GlobalSection(ProjectConfigurationPlatforms) = postSolution
		{ED41663E-69ED-4115-ACB2-F421AE807159}.Debug|Any CPU.ActiveCfg = Debug|Any CPU
		{ED41663E-69ED-4115-ACB2-F421AE807159}.Debug|Any CPU.Build.0 = Debug|Any CPU
		{ED41663E-69ED-4115-ACB2-F421AE807159}.Debug|x64.ActiveCfg = Debug|Any CPU
		{ED41663E-69ED-4115-ACB2-F421AE807159}.Debug|x64.Build.0 = Debug|Any CPU
		{ED41663E-69ED-4115-ACB2-F421AE807159}.Debug|x86.ActiveCfg = Debug|Any CPU
		{ED41663E-69ED-4115-ACB2-F421AE807159}.Debug|x86.Build.0 = Debug|Any CPU
		{ED41663E-69ED-4115-ACB2-F421AE807159}.Release|Any CPU.ActiveCfg = Release|Any CPU
		{ED41663E-69ED-4115-ACB2-F421AE807159}.Release|Any CPU.Build.0 = Release|Any CPU
		{ED41663E-69ED-4115-ACB2-F421AE807159}.Release|x64.ActiveCfg = Release|Any CPU
		{ED41663E-69ED-4115-ACB2-F421AE807159}.Release|x64.Build.0 = Release|Any CPU
		{ED41663E-69ED-4115-ACB2-F421AE807159}.Release|x86.ActiveCfg = Release|Any CPU
		{ED41663E-69ED-4115-ACB2-F421AE807159}.Release|x86.Build.0 = Release|Any CPU
		{1E58DC33-8136-422A-8380-26E4775D41CF}.Debug|Any CPU.ActiveCfg = Debug|Any CPU
		{1E58DC33-8136-422A-8380-26E4775D41CF}.Debug|Any CPU.Build.0 = Debug|Any CPU
		{1E58DC33-8136-422A-8380-26E4775D41CF}.Debug|x64.ActiveCfg = Debug|Any CPU
		{1E58DC33-8136-422A-8380-26E4775D41CF}.Debug|x64.Build.0 = Debug|Any CPU
		{1E58DC33-8136-422A-8380-26E4775D41CF}.Debug|x86.ActiveCfg = Debug|Any CPU
		{1E58DC33-8136-422A-8380-26E4775D41CF}.Debug|x86.Build.0 = Debug|Any CPU
		{1E58DC33-8136-422A-8380-26E4775D41CF}.Release|Any CPU.ActiveCfg = Release|Any CPU
		{1E58DC33-8136-422A-8380-26E4775D41CF}.Release|Any CPU.Build.0 = Release|Any CPU
		{1E58DC33-8136-422A-8380-26E4775D41CF}.Release|x64.ActiveCfg = Release|Any CPU
		{1E58DC33-8136-422A-8380-26E4775D41CF}.Release|x64.Build.0 = Release|Any CPU
		{1E58DC33-8136-422A-8380-26E4775D41CF}.Release|x86.ActiveCfg = Release|Any CPU
		{1E58DC33-8136-422A-8380-26E4775D41CF}.Release|x86.Build.0 = Release|Any CPU
		{2EF43C50-24ED-40F9-ABA9-FFA119A7CC92}.Debug|Any CPU.ActiveCfg = Debug|Any CPU
		{2EF43C50-24ED-40F9-ABA9-FFA119A7CC92}.Debug|Any CPU.Build.0 = Debug|Any CPU
		{2EF43C50-24ED-40F9-ABA9-FFA119A7CC92}.Debug|x64.ActiveCfg = Debug|Any CPU
		{2EF43C50-24ED-40F9-ABA9-FFA119A7CC92}.Debug|x64.Build.0 = Debug|Any CPU
		{2EF43C50-24ED-40F9-ABA9-FFA119A7CC92}.Debug|x86.ActiveCfg = Debug|Any CPU
		{2EF43C50-24ED-40F9-ABA9-FFA119A7CC92}.Debug|x86.Build.0 = Debug|Any CPU
		{2EF43C50-24ED-40F9-ABA9-FFA119A7CC92}.Release|Any CPU.ActiveCfg = Release|Any CPU
		{2EF43C50-24ED-40F9-ABA9-FFA119A7CC92}.Release|Any CPU.Build.0 = Release|Any CPU
		{2EF43C50-24ED-40F9-ABA9-FFA119A7CC92}.Release|x64.ActiveCfg = Release|Any CPU
		{2EF43C50-24ED-40F9-ABA9-FFA119A7CC92}.Release|x64.Build.0 = Release|Any CPU
		{2EF43C50-24ED-40F9-ABA9-FFA119A7CC92}.Release|x86.ActiveCfg = Release|Any CPU
		{2EF43C50-24ED-40F9-ABA9-FFA119A7CC92}.Release|x86.Build.0 = Release|Any CPU
		{4ABC80DD-49D8-48A5-AC6F-3760894810D1}.Debug|Any CPU.ActiveCfg = Debug|Any CPU
		{4ABC80DD-49D8-48A5-AC6F-3760894810D1}.Debug|Any CPU.Build.0 = Debug|Any CPU
		{4ABC80DD-49D8-48A5-AC6F-3760894810D1}.Debug|x64.ActiveCfg = Debug|Any CPU
		{4ABC80DD-49D8-48A5-AC6F-3760894810D1}.Debug|x64.Build.0 = Debug|Any CPU
		{4ABC80DD-49D8-48A5-AC6F-3760894810D1}.Debug|x86.ActiveCfg = Debug|Any CPU
		{4ABC80DD-49D8-48A5-AC6F-3760894810D1}.Debug|x86.Build.0 = Debug|Any CPU
		{4ABC80DD-49D8-48A5-AC6F-3760894810D1}.Release|Any CPU.ActiveCfg = Release|Any CPU
		{4ABC80DD-49D8-48A5-AC6F-3760894810D1}.Release|Any CPU.Build.0 = Release|Any CPU
		{4ABC80DD-49D8-48A5-AC6F-3760894810D1}.Release|x64.ActiveCfg = Release|Any CPU
		{4ABC80DD-49D8-48A5-AC6F-3760894810D1}.Release|x64.Build.0 = Release|Any CPU
		{4ABC80DD-49D8-48A5-AC6F-3760894810D1}.Release|x86.ActiveCfg = Release|Any CPU
		{4ABC80DD-49D8-48A5-AC6F-3760894810D1}.Release|x86.Build.0 = Release|Any CPU
		{900D905E-8096-4273-96B7-0EF952EFB71D}.Debug|Any CPU.ActiveCfg = Debug|Any CPU
		{900D905E-8096-4273-96B7-0EF952EFB71D}.Debug|Any CPU.Build.0 = Debug|Any CPU
		{900D905E-8096-4273-96B7-0EF952EFB71D}.Debug|x64.ActiveCfg = Debug|Any CPU
		{900D905E-8096-4273-96B7-0EF952EFB71D}.Debug|x64.Build.0 = Debug|Any CPU
		{900D905E-8096-4273-96B7-0EF952EFB71D}.Debug|x86.ActiveCfg = Debug|Any CPU
		{900D905E-8096-4273-96B7-0EF952EFB71D}.Debug|x86.Build.0 = Debug|Any CPU
		{900D905E-8096-4273-96B7-0EF952EFB71D}.Release|Any CPU.ActiveCfg = Release|Any CPU
		{900D905E-8096-4273-96B7-0EF952EFB71D}.Release|Any CPU.Build.0 = Release|Any CPU
		{900D905E-8096-4273-96B7-0EF952EFB71D}.Release|x64.ActiveCfg = Release|Any CPU
		{900D905E-8096-4273-96B7-0EF952EFB71D}.Release|x64.Build.0 = Release|Any CPU
		{900D905E-8096-4273-96B7-0EF952EFB71D}.Release|x86.ActiveCfg = Release|Any CPU
		{900D905E-8096-4273-96B7-0EF952EFB71D}.Release|x86.Build.0 = Release|Any CPU
	EndGlobalSection
	GlobalSection(SolutionProperties) = preSolution
		HideSolutionNode = FALSE
	EndGlobalSection
	GlobalSection(NestedProjects) = preSolution
		{FAEC6D1F-4A5A-44F7-B440-8E3C6DC128FF} = {95835FB4-EB99-4493-86C7-FB88F6203792}
		{DFCB4955-08F8-4B77-803D-11B9E88A6F18} = {95835FB4-EB99-4493-86C7-FB88F6203792}
		{5D97DDA5-FC24-4B5A-A6BF-20EE8BE1CDA3} = {95835FB4-EB99-4493-86C7-FB88F6203792}
		{455107E1-5322-4C17-8E09-CF7F23BCC3AF} = {95835FB4-EB99-4493-86C7-FB88F6203792}
		{ED41663E-69ED-4115-ACB2-F421AE807159} = {FAEC6D1F-4A5A-44F7-B440-8E3C6DC128FF}
		{1E58DC33-8136-422A-8380-26E4775D41CF} = {DFCB4955-08F8-4B77-803D-11B9E88A6F18}
		{2EF43C50-24ED-40F9-ABA9-FFA119A7CC92} = {5D97DDA5-FC24-4B5A-A6BF-20EE8BE1CDA3}
		{4ABC80DD-49D8-48A5-AC6F-3760894810D1} = {455107E1-5322-4C17-8E09-CF7F23BCC3AF}
		{900D905E-8096-4273-96B7-0EF952EFB71D} = {786359DF-2BFB-4B58-BCC5-CB410EBAB0D7}
	EndGlobalSection
EndGlobal
